
Microsoft Visual Studio Solution File, Format Version 12.00
# Visual Studio Version 17
VisualStudioVersion = 17.14.36127.28 d17.14
MinimumVisualStudioVersion = 10.0.40219.1
Project("{FAE04EC0-301F-11D3-BF4B-00C04F79EFBC}") = "GenericRepository", "GenericRepository\GenericRepository.csproj", "{BB9DFAC8-E2CF-41C0-8460-3FF674DB1FBE}"
EndProject
Global
	GlobalSection(SolutionConfigurationPlatforms) = preSolution
		Debug|Any CPU = Debug|Any CPU
		Release|Any CPU = Release|Any CPU
	EndGlobalSection
	GlobalSection(ProjectConfigurationPlatforms) = postSolution
		{BB9DFAC8-E2CF-41C0-8460-3FF674DB1FBE}.Debug|Any CPU.ActiveCfg = Debug|Any CPU
		{BB9DFAC8-E2CF-41C0-8460-3FF674DB1FBE}.Debug|Any CPU.Build.0 = Debug|Any CPU
		{BB9DFAC8-E2CF-41C0-8460-3FF674DB1FBE}.Release|Any CPU.ActiveCfg = Release|Any CPU
		{BB9DFAC8-E2CF-41C0-8460-3FF674DB1FBE}.Release|Any CPU.Build.0 = Release|Any CPU
	EndGlobalSection
	GlobalSection(SolutionProperties) = preSolution
		HideSolutionNode = FALSE
	EndGlobalSection
	GlobalSection(ExtensibilityGlobals) = postSolution
		SolutionGuid = {03395E63-E663-4E7A-8F6B-AB6A7B851380}
	EndGlobalSection
EndGlobal
